
Microsoft Visual Studio Solution File, Format Version 12.00
# Visual Studio 2013
VisualStudioVersion = 12.0.30501.0
MinimumVisualStudioVersion = 10.0.40219.1
Project("{FAE04EC0-301F-11D3-BF4B-00C04F79EFBC}") = "AcklenAvenue.EventSourcing", "AcklenAvenue.EventSourcing\AcklenAvenue.EventSourcing.csproj", "{50A5BC14-FA76-4C00-80F9-5BF847B9C766}"
EndProject
Project("{FAE04EC0-301F-11D3-BF4B-00C04F79EFBC}") = "AcklenAvenue.EventSourcing.MySql", "AcklenAvenue.EventSourcing.MySql\AcklenAvenue.EventSourcing.MySql.csproj", "{E1594DC3-F432-4EC5-BE02-BD1EFE4365F3}"
EndProject
Project("{FAE04EC0-301F-11D3-BF4B-00C04F79EFBC}") = "AcklenAvenue.EventSourcing.Specs", "AcklenAvenue.EventSourcing.Specs\AcklenAvenue.EventSourcing.Specs.csproj", "{A64A2965-0474-47B7-B16F-FE9D7FE9E73A}"
EndProject
Project("{FAE04EC0-301F-11D3-BF4B-00C04F79EFBC}") = "AcklenAvenue.EventSourcing.MySql.Specs.Integration", "AcklenAvenue.EventSourcing.MySql.Specs.Integration\AcklenAvenue.EventSourcing.MySql.Specs.Integration.csproj", "{287A7DD6-EB72-481C-BADE-8132FB75647C}"
EndProject
Project("{FAE04EC0-301F-11D3-BF4B-00C04F79EFBC}") = "AcklenAvenue.EventSourcing.Postgres", "AcklenAvenue.EventSourcing.Postgres\AcklenAvenue.EventSourcing.Postgres.csproj", "{5B0AA5BD-EDAB-4EDB-9B77-5D1339B07319}"
EndProject
Project("{FAE04EC0-301F-11D3-BF4B-00C04F79EFBC}") = "AcklenAvenue.EventSourcing.Postgres.Specs.Integration", "AcklenAvenue.EventSourcing.Postgres.Specs.Integration\AcklenAvenue.EventSourcing.Postgres.Specs.Integration.csproj", "{BB952C77-0DFB-4749-B1B0-298DF48F72DD}"
EndProject
Project("{FAE04EC0-301F-11D3-BF4B-00C04F79EFBC}") = "AcklenAvenue.EventSourcing.Serializer.JsonNet", "AcklenAvenue.EventSourcing.Serializer.JsonNet\AcklenAvenue.EventSourcing.Serializer.JsonNet.csproj", "{98F157AD-2410-4267-BEAF-E57DD7AD3730}"
EndProject
Global
	GlobalSection(SolutionConfigurationPlatforms) = preSolution
		Debug|Any CPU = Debug|Any CPU
		Release|Any CPU = Release|Any CPU
	EndGlobalSection
	GlobalSection(ProjectConfigurationPlatforms) = postSolution
		{50A5BC14-FA76-4C00-80F9-5BF847B9C766}.Debug|Any CPU.ActiveCfg = Debug|Any CPU
		{50A5BC14-FA76-4C00-80F9-5BF847B9C766}.Debug|Any CPU.Build.0 = Debug|Any CPU
		{50A5BC14-FA76-4C00-80F9-5BF847B9C766}.Release|Any CPU.ActiveCfg = Release|Any CPU
		{50A5BC14-FA76-4C00-80F9-5BF847B9C766}.Release|Any CPU.Build.0 = Release|Any CPU
		{E1594DC3-F432-4EC5-BE02-BD1EFE4365F3}.Debug|Any CPU.ActiveCfg = Debug|Any CPU
		{E1594DC3-F432-4EC5-BE02-BD1EFE4365F3}.Debug|Any CPU.Build.0 = Debug|Any CPU
		{E1594DC3-F432-4EC5-BE02-BD1EFE4365F3}.Release|Any CPU.ActiveCfg = Release|Any CPU
		{E1594DC3-F432-4EC5-BE02-BD1EFE4365F3}.Release|Any CPU.Build.0 = Release|Any CPU
		{A64A2965-0474-47B7-B16F-FE9D7FE9E73A}.Debug|Any CPU.ActiveCfg = Debug|Any CPU
		{A64A2965-0474-47B7-B16F-FE9D7FE9E73A}.Debug|Any CPU.Build.0 = Debug|Any CPU
		{A64A2965-0474-47B7-B16F-FE9D7FE9E73A}.Release|Any CPU.ActiveCfg = Release|Any CPU
		{A64A2965-0474-47B7-B16F-FE9D7FE9E73A}.Release|Any CPU.Build.0 = Release|Any CPU
		{287A7DD6-EB72-481C-BADE-8132FB75647C}.Debug|Any CPU.ActiveCfg = Debug|Any CPU
		{287A7DD6-EB72-481C-BADE-8132FB75647C}.Debug|Any CPU.Build.0 = Debug|Any CPU
		{287A7DD6-EB72-481C-BADE-8132FB75647C}.Release|Any CPU.ActiveCfg = Release|Any CPU
		{287A7DD6-EB72-481C-BADE-8132FB75647C}.Release|Any CPU.Build.0 = Release|Any CPU
		{5B0AA5BD-EDAB-4EDB-9B77-5D1339B07319}.Debug|Any CPU.ActiveCfg = Debug|Any CPU
		{5B0AA5BD-EDAB-4EDB-9B77-5D1339B07319}.Debug|Any CPU.Build.0 = Debug|Any CPU
		{5B0AA5BD-EDAB-4EDB-9B77-5D1339B07319}.Release|Any CPU.ActiveCfg = Release|Any CPU
		{5B0AA5BD-EDAB-4EDB-9B77-5D1339B07319}.Release|Any CPU.Build.0 = Release|Any CPU
		{BB952C77-0DFB-4749-B1B0-298DF48F72DD}.Debug|Any CPU.ActiveCfg = Debug|Any CPU
		{BB952C77-0DFB-4749-B1B0-298DF48F72DD}.Debug|Any CPU.Build.0 = Debug|Any CPU
		{BB952C77-0DFB-4749-B1B0-298DF48F72DD}.Release|Any CPU.ActiveCfg = Release|Any CPU
		{BB952C77-0DFB-4749-B1B0-298DF48F72DD}.Release|Any CPU.Build.0 = Release|Any CPU
		{98F157AD-2410-4267-BEAF-E57DD7AD3730}.Debug|Any CPU.ActiveCfg = Debug|Any CPU
		{98F157AD-2410-4267-BEAF-E57DD7AD3730}.Debug|Any CPU.Build.0 = Debug|Any CPU
		{98F157AD-2410-4267-BEAF-E57DD7AD3730}.Release|Any CPU.ActiveCfg = Release|Any CPU
		{98F157AD-2410-4267-BEAF-E57DD7AD3730}.Release|Any CPU.Build.0 = Release|Any CPU
	EndGlobalSection
	GlobalSection(SolutionProperties) = preSolution
		HideSolutionNode = FALSE
	EndGlobalSection
EndGlobal
